// !$*UTF8*$!
{
	archiveVersion = 1;
	classes = {
	};
	objectVersion = 56;
	objects = {

/* Begin PBXBuildFile section */
		86703A442FA875CC003A1319 /* Archivo.c in Sources */ = {isa = PBXBuildFile; fileRef = 86703A432FA875CC003A1319 /* Archivo.c */; };
		8688A2412A97B518006BCA6C /* main.c in Sources */ = {isa = PBXBuildFile; fileRef = 8688A2472A97B518006BCA6C /* main.c */; };
		8688A2422A97B518006BCA6C /* piezas.c in Sources */ = {isa = PBXBuildFile; fileRef = 8688A2492A97B518006BCA6C /* piezas.c */; };
		8688A2442A97B518006BCA6C /* Tablero.c in Sources */ = {isa = PBXBuildFile; fileRef = 8688A24D2A97B518006BCA6C /* Tablero.c */; };
		8688A2452A97B518006BCA6C /* Soluciones.c in Sources */ = {isa = PBXBuildFile; fileRef = 8688A24F2A97B518006BCA6C /* Soluciones.c */; };
/* End PBXBuildFile section */

/* Begin PBXCopyFilesBuildPhase section */
		8688A2232A97B0EF006BCA6C /* CopyFiles */ = {
			isa = PBXCopyFilesBuildPhase;
			buildActionMask = 2147483647;
			dstPath = /usr/share/man/man1/;
			dstSubfolderSpec = 0;
			files = (
			);
			runOnlyForDeploymentPostprocessing = 1;
		};
/* End PBXCopyFilesBuildPhase section */

/* Begin PBXFileReference section */
		86703A422FA875CC003A1319 /* Archivo.h */ = {isa = PBXFileReference; lastKnownFileType = sourcecode.c.h; path = Archivo.h; sourceTree = "<group>"; };
		86703A432FA875CC003A1319 /* Archivo.c */ = {isa = PBXFileReference; lastKnownFileType = sourcecode.c.c; path = Archivo.c; sourceTree = "<group>"; };
		8688A2252A97B0EF006BCA6C /* Puzzle_Gen */ = {isa = PBXFileReference; explicitFileType = "compiled.mach-o.executable"; includeInIndex = 0; path = Puzzle_Gen; sourceTree = BUILT_PRODUCTS_DIR; };
		8688A2472A97B518006BCA6C /* main.c */ = {isa = PBXFileReference; lastKnownFileType = sourcecode.c.c; path = main.c; sourceTree = "<group>"; };
		8688A2482A97B518006BCA6C /* main.h */ = {isa = PBXFileReference; lastKnownFileType = sourcecode.c.h; path = main.h; sourceTree = "<group>"; };
		8688A2492A97B518006BCA6C /* piezas.c */ = {isa = PBXFileReference; lastKnownFileType = sourcecode.c.c; path = piezas.c; sourceTree = "<group>"; };
		8688A24A2A97B518006BCA6C /* piezas.h */ = {isa = PBXFileReference; lastKnownFileType = sourcecode.c.h; path = piezas.h; sourceTree = "<group>"; };
		8688A24D2A97B518006BCA6C /* Tablero.c */ = {isa = PBXFileReference; lastKnownFileType = sourcecode.c.c; path = Tablero.c; sourceTree = "<group>"; };
		8688A24E2A97B518006BCA6C /* Tablero.h */ = {isa = PBXFileReference; lastKnownFileType = sourcecode.c.h; path = Tablero.h; sourceTree = "<group>"; };
		8688A24F2A97B518006BCA6C /* Soluciones.c */ = {isa = PBXFileReference; lastKnownFileType = sourcecode.c.c; path = Soluciones.c; sourceTree = "<group>"; };
		8688A2502A97B518006BCA6C /* Soluciones.h */ = {isa = PBXFileReference; lastKnownFileType = sourcecode.c.h; path = Soluciones.h; sourceTree = "<group>"; };
/* End PBXFileReference section */

/* Begin PBXFrameworksBuildPhase section */
		8688A2222A97B0EF006BCA6C /* Frameworks */ = {
			isa = PBXFrameworksBuildPhase;
			buildActionMask = 2147483647;
			files = (
			);
			runOnlyForDeploymentPostprocessing = 0;
		};
/* End PBXFrameworksBuildPhase section */

/* Begin PBXGroup section */
		8688A21C2A97B0EF006BCA6C = {
			isa = PBXGroup;
			children = (
				8688A2272A97B0EF006BCA6C /* Puzzle_Gen */,
				8688A2262A97B0EF006BCA6C /* Products */,
			);
			sourceTree = "<group>";
		};
		8688A2262A97B0EF006BCA6C /* Products */ = {
			isa = PBXGroup;
			children = (
				8688A2252A97B0EF006BCA6C /* Puzzle_Gen */,
			);
			name = Products;
			sourceTree = "<group>";
		};
		8688A2272A97B0EF006BCA6C /* Puzzle_Gen */ = {
			isa = PBXGroup;
			children = (
				8688A2482A97B518006BCA6C /* main.h */,
				8688A2472A97B518006BCA6C /* main.c */,
				8688A24A2A97B518006BCA6C /* piezas.h */,
				8688A2492A97B518006BCA6C /* piezas.c */,
				8688A24E2A97B518006BCA6C /* Tablero.h */,
				8688A24D2A97B518006BCA6C /* Tablero.c */,
				8688A2502A97B518006BCA6C /* Soluciones.h */,
				8688A24F2A97B518006BCA6C /* Soluciones.c */,
				86703A422FA875CC003A1319 /* Archivo.h */,
				86703A432FA875CC003A1319 /* Archivo.c */,
			);
			path = Puzzle_Gen;
			sourceTree = "<group>";
		};
/* End PBXGroup section */

/* Begin PBXNativeTarget section */
		8688A2242A97B0EF006BCA6C /* Puzzle_Gen */ = {
			isa = PBXNativeTarget;
			buildConfigurationList = 8688A22C2A97B0EF006BCA6C /* Build configuration list for PBXNativeTarget "Puzzle_Gen" */;
			buildPhases = (
				8688A2212A97B0EF006BCA6C /* Sources */,
				8688A2222A97B0EF006BCA6C /* Frameworks */,
				8688A2232A97B0EF006BCA6C /* CopyFiles */,
			);
			buildRules = (
			);
			dependencies = (
			);
			name = Puzzle_Gen;
			productName = Puzzle_Gen;
			productReference = 8688A2252A97B0EF006BCA6C /* Puzzle_Gen */;
			productType = "com.apple.product-type.tool";
		};
/* End PBXNativeTarget section */

/* Begin PBXProject section */
		8688A21D2A97B0EF006BCA6C /* Project object */ = {
			isa = PBXProject;
			attributes = {
				BuildIndependentTargetsInParallel = 1;
				LastUpgradeCheck = 1420;
				TargetAttributes = {
					8688A2242A97B0EF006BCA6C = {
						CreatedOnToolsVersion = 14.2;
					};
				};
			};
			buildConfigurationList = 8688A2202A97B0EF006BCA6C /* Build configuration list for PBXProject "Puzzle_Gen" */;
			compatibilityVersion = "Xcode 14.0";
			developmentRegion = en;
			hasScannedForEncodings = 0;
			knownRegions = (
				en,
				Base,
			);
			mainGroup = 8688A21C2A97B0EF006BCA6C;
			productRefGroup = 8688A2262A97B0EF006BCA6C /* Products */;
			projectDirPath = "";
			projectRoot = "";
			targets = (
				8688A2242A97B0EF006BCA6C /* Puzzle_Gen */,
			);
		};
/* End PBXProject section */

/* Begin PBXSourcesBuildPhase section */
		8688A2212A97B0EF006BCA6C /* Sources */ = {
			isa = PBXSourcesBuildPhase;
			buildActionMask = 2147483647;
			files = (
				8688A2412A97B518006BCA6C /* main.c in Sources */,
				8688A2422A97B518006BCA6C /* piezas.c in Sources */,
				86703A442FA875CC003A1319 /* Archivo.c in Sources */,
				8688A2442A97B518006BCA6C /* Tablero.c in Sources */,
				8688A2452A97B518006BCA6C /* Soluciones.c in Sources */,
			);
			runOnlyForDeploymentPostprocessing = 0;
		};
/* End PBXSourcesBuildPhase section */

/* Begin XCBuildConfiguration section */
		8688A22A2A97B0EF006BCA6C /* Debug */ = {
			isa = XCBuildConfiguration;
			buildSettings = {
				ALWAYS_SEARCH_USER_PATHS = NO;
				CLANG_ANALYZER_NONNULL = YES;
				CLANG_ANALYZER_NUMBER_OBJECT_CONVERSION = YES_AGGRESSIVE;
				CLANG_CXX_LANGUAGE_STANDARD = "gnu++20";
				CLANG_ENABLE_MODULES = YES;
				CLANG_ENABLE_OBJC_ARC = YES;
				CLANG_ENABLE_OBJC_WEAK = YES;
				CLANG_WARN_BLOCK_CAPTURE_AUTORELEASING = YES;
				CLANG_WARN_BOOL_CONVERSION = YES;
				CLANG_WARN_COMMA = YES;
				CLANG_WARN_CONSTANT_CONVERSION = YES;
				CLANG_WARN_DEPRECATED_OBJC_IMPLEMENTATIONS = YES;
				CLANG_WARN_DIRECT_OBJC_ISA_USAGE = YES_ERROR;
				CLANG_WARN_DOCUMENTATION_COMMENTS = YES;
				CLANG_WARN_EMPTY_BODY = YES;
				CLANG_WARN_ENUM_CONVERSION = YES;
				CLANG_WARN_INFINITE_RECURSION = YES;
				CLANG_WARN_INT_CONVERSION = YES;
				CLANG_WARN_NON_LITERAL_NULL_CONVERSION = YES;
				CLANG_WARN_OBJC_IMPLICIT_RETAIN_SELF = YES;
				CLANG_WARN_OBJC_LITERAL_CONVERSION = YES;
				CLANG_WARN_OBJC_ROOT_CLASS = YES_ERROR;
				CLANG_WARN_QUOTED_INCLUDE_IN_FRAMEWORK_HEADER = YES;
				CLANG_WARN_RANGE_LOOP_ANALYSIS = YES;
				CLANG_WARN_STRICT_PROTOTYPES = YES;
				CLANG_WARN_SUSPICIOUS_MOVE = YES;
				CLANG_WARN_UNGUARDED_AVAILABILITY = YES_AGGRESSIVE;
				CLANG_WARN_UNREACHABLE_CODE = YES;
				CLANG_WARN__DUPLICATE_METHOD_MATCH = YES;
				COPY_PHASE_STRIP = NO;
				DEBUG_INFORMATION_FORMAT = dwarf;
				ENABLE_STRICT_OBJC_MSGSEND = YES;
				ENABLE_TESTABILITY = YES;
				GCC_C_LANGUAGE_STANDARD = gnu11;
				GCC_DYNAMIC_NO_PIC = NO;
				GCC_NO_COMMON_BLOCKS = YES;
				GCC_OPTIMIZATION_LEVEL = 0;
				GCC_PREPROCESSOR_DEFINITIONS = (
					"DEBUG=1",
					"$(inherited)",
				);
				GCC_WARN_64_TO_32_BIT_CONVERSION = YES;
				GCC_WARN_ABOUT_RETURN_TYPE = YES_ERROR;
				GCC_WARN_UNDECLARED_SELECTOR = YES;
				GCC_WARN_UNINITIALIZED_AUTOS = YES_AGGRESSIVE;
				GCC_WARN_UNUSED_FUNCTION = YES;
				GCC_WARN_UNUSED_VARIABLE = YES;
				MACOSX_DEPLOYMENT_TARGET = 13.0;
				MTL_ENABLE_DEBUG_INFO = INCLUDE_SOURCE;
				MTL_FAST_MATH = YES;
				ONLY_ACTIVE_ARCH = YES;
				SDKROOT = macosx;
			};
			name = Debug;
		};
		8688A22B2A97B0EF006BCA6C /* Release */ = {
			isa = XCBuildConfiguration;
			buildSettings = {
				ALWAYS_SEARCH_USER_PATHS = NO;
				CLANG_ANALYZER_NONNULL = YES;
				CLANG_ANALYZER_NUMBER_OBJECT_CONVERSION = YES_AGGRESSIVE;
				CLANG_CXX_LANGUAGE_STANDARD = "gnu++20";
				CLANG_ENABLE_MODULES = YES;
				CLANG_ENABLE_OBJC_ARC = YES;
				CLANG_ENABLE_OBJC_WEAK = YES;
				CLANG_WARN_BLOCK_CAPTURE_AUTORELEASING = YES;
				CLANG_WARN_BOOL_CONVERSION = YES;
				CLANG_WARN_COMMA = YES;
				CLANG_WARN_CONSTANT_CONVERSION = YES;
				CLANG_WARN_DEPRECATED_OBJC_IMPLEMENTATIONS = YES;
				CLANG_WARN_DIRECT_OBJC_ISA_USAGE = YES_ERROR;
				CLANG_WARN_DOCUMENTATION_COMMENTS = YES;
				CLANG_WARN_EMPTY_BODY = YES;
				CLANG_WARN_ENUM_CONVERSION = YES;
				CLANG_WARN_INFINITE_RECURSION = YES;
				CLANG_WARN_INT_CONVERSION = YES;
				CLANG_WARN_NON_LITERAL_NULL_CONVERSION = YES;
				CLANG_WARN_OBJC_IMPLICIT_RETAIN_SELF = YES;
				CLANG_WARN_OBJC_LITERAL_CONVERSION = YES;
				CLANG_WARN_OBJC_ROOT_CLASS = YES_ERROR;
				CLANG_WARN_QUOTED_INCLUDE_IN_FRAMEWORK_HEADER = YES;
				CLANG_WARN_RANGE_LOOP_ANALYSIS = YES;
				CLANG_WARN_STRICT_PROTOTYPES = YES;
				CLANG_WARN_SUSPICIOUS_MOVE = YES;
				CLANG_WARN_UNGUARDED_AVAILABILITY = YES_AGGRESSIVE;
				CLANG_WARN_UNREACHABLE_CODE = YES;
				CLANG_WARN__DUPLICATE_METHOD_MATCH = YES;
				COPY_PHASE_STRIP = NO;
				DEBUG_INFORMATION_FORMAT = "dwarf-with-dsym";
				ENABLE_NS_ASSERTIONS = NO;
				ENABLE_STRICT_OBJC_MSGSEND = YES;
				GCC_C_LANGUAGE_STANDARD = gnu11;
				GCC_NO_COMMON_BLOCKS = YES;
				GCC_WARN_64_TO_32_BIT_CONVERSION = YES;
				GCC_WARN_ABOUT_RETURN_TYPE = YES_ERROR;
				GCC_WARN_UNDECLARED_SELECTOR = YES;
				GCC_WARN_UNINITIALIZED_AUTOS = YES_AGGRESSIVE;
				GCC_WARN_UNUSED_FUNCTION = YES;
				GCC_WARN_UNUSED_VARIABLE = YES;
				MACOSX_DEPLOYMENT_TARGET = 13.0;
				MTL_ENABLE_DEBUG_INFO = NO;
				MTL_FAST_MATH = YES;
				SDKROOT = macosx;
			};
			name = Release;
		};
		8688A22D2A97B0EF006BCA6C /* Debug */ = {
			isa = XCBuildConfiguration;
			buildSettings = {
				CODE_SIGN_IDENTITY = "-";
				CODE_SIGN_STYLE = Manual;
				DEVELOPMENT_TEAM = "";
				ENABLE_HARDENED_RUNTIME = NO;
				PRODUCT_NAME = "$(TARGET_NAME)";
			};
			name = Debug;
		};
		8688A22E2A97B0EF006BCA6C /* Release */ = {
			isa = XCBuildConfiguration;
			buildSettings = {
				CODE_SIGN_IDENTITY = "-";
				CODE_SIGN_STYLE = Manual;
				DEVELOPMENT_TEAM = "";
				ENABLE_HARDENED_RUNTIME = NO;
				PRODUCT_NAME = "$(TARGET_NAME)";
			};
			name = Release;
		};
/* End XCBuildConfiguration section */

/* Begin XCConfigurationList section */
		8688A2202A97B0EF006BCA6C /* Build configuration list for PBXProject "Puzzle_Gen" */ = {
			isa = XCConfigurationList;
			buildConfigurations = (
				8688A22A2A97B0EF006BCA6C /* Debug */,
				8688A22B2A97B0EF006BCA6C /* Release */,
			);
			defaultConfigurationIsVisible = 0;
			defaultConfigurationName = Release;
		};
		8688A22C2A97B0EF006BCA6C /* Build configuration list for PBXNativeTarget "Puzzle_Gen" */ = {
			isa = XCConfigurationList;
			buildConfigurations = (
				8688A22D2A97B0EF006BCA6C /* Debug */,
				8688A22E2A97B0EF006BCA6C /* Release */,
			);
			defaultConfigurationIsVisible = 0;
			defaultConfigurationName = Release;
		};
/* End XCConfigurationList section */
	};
	rootObject = 8688A21D2A97B0EF006BCA6C /* Project object */;
}
